
Microsoft Visual Studio Solution File, Format Version 12.00
# Visual Studio Version 17
VisualStudioVersion = 17.9.34616.47
MinimumVisualStudioVersion = 10.0.40219.1
Project("{9A19103F-16F7-4668-BE54-9A1E7A4F7556}") = "Authentification2", "Authentification2\Authentification2.csproj", "{C46CDE74-C8E3-4350-87A3-66919ADA75BE}"
EndProject
Project("{FAE04EC0-301F-11D3-BF4B-00C04F79EFBC}") = "CorsesAPI", "CorsesAPI\CorsesAPI.csproj", "{A45C6F25-F50C-4F70-98E0-80B99218AF9C}"
EndProject
Global
	GlobalSection(SolutionConfigurationPlatforms) = preSolution
		Debug|Any CPU = Debug|Any CPU
		Release|Any CPU = Release|Any CPU
	EndGlobalSection
	GlobalSection(ProjectConfigurationPlatforms) = postSolution
		{C46CDE74-C8E3-4350-87A3-66919ADA75BE}.Debug|Any CPU.ActiveCfg = Debug|Any CPU
		{C46CDE74-C8E3-4350-87A3-66919ADA75BE}.Debug|Any CPU.Build.0 = Debug|Any CPU
		{C46CDE74-C8E3-4350-87A3-66919ADA75BE}.Release|Any CPU.ActiveCfg = Release|Any CPU
		{C46CDE74-C8E3-4350-87A3-66919ADA75BE}.Release|Any CPU.Build.0 = Release|Any CPU
		{A45C6F25-F50C-4F70-98E0-80B99218AF9C}.Debug|Any CPU.ActiveCfg = Debug|Any CPU
		{A45C6F25-F50C-4F70-98E0-80B99218AF9C}.Debug|Any CPU.Build.0 = Debug|Any CPU
		{A45C6F25-F50C-4F70-98E0-80B99218AF9C}.Release|Any CPU.ActiveCfg = Release|Any CPU
		{A45C6F25-F50C-4F70-98E0-80B99218AF9C}.Release|Any CPU.Build.0 = Release|Any CPU
	EndGlobalSection
	GlobalSection(SolutionProperties) = preSolution
		HideSolutionNode = FALSE
	EndGlobalSection
	GlobalSection(ExtensibilityGlobals) = postSolution
		SolutionGuid = {7028946E-DE93-4FE5-B741-00438B3866D8}
	EndGlobalSection
EndGlobal
